
Microsoft Visual Studio Solution File, Format Version 12.00
# Visual Studio 15
VisualStudioVersion = 15.0.28010.2041
MinimumVisualStudioVersion = 10.0.40219.1
Project("{FAE04EC0-301F-11D3-BF4B-00C04F79EFBC}") = "Calculator.Android", "Calculator\Calculator.Android\Calculator.Android.csproj", "{007F7DE3-9FF2-4020-A1F9-F68E2D929520}"
EndProject
Project("{FAE04EC0-301F-11D3-BF4B-00C04F79EFBC}") = "Calculator.iOS", "Calculator\Calculator.iOS\Calculator.iOS.csproj", "{1E6DD877-7AEA-44C5-9E30-573587F5FBD0}"
EndProject
Project("{FAE04EC0-301F-11D3-BF4B-00C04F79EFBC}") = "Calculator.UWP", "Calculator\Calculator.UWP\Calculator.UWP.csproj", "{84B6F671-2BF7-4252-A221-6798F71FBA3C}"
EndProject
Project("{FAE04EC0-301F-11D3-BF4B-00C04F79EFBC}") = "Calculator", "Calculator\Calculator\Calculator.csproj", "{AA0D8E57-78E0-490A-AF39-36D30EB39B6C}"
EndProject
Global
	GlobalSection(SolutionConfigurationPlatforms) = preSolution
		Ad-Hoc|Any CPU = Ad-Hoc|Any CPU
		Ad-Hoc|ARM = Ad-Hoc|ARM
		Ad-Hoc|iPhone = Ad-Hoc|iPhone
		Ad-Hoc|iPhoneSimulator = Ad-Hoc|iPhoneSimulator
		Ad-Hoc|x64 = Ad-Hoc|x64
		Ad-Hoc|x86 = Ad-Hoc|x86
		AppStore|Any CPU = AppStore|Any CPU
		AppStore|ARM = AppStore|ARM
		AppStore|iPhone = AppStore|iPhone
		AppStore|iPhoneSimulator = AppStore|iPhoneSimulator
		AppStore|x64 = AppStore|x64
		AppStore|x86 = AppStore|x86
		Debug|Any CPU = Debug|Any CPU
		Debug|ARM = Debug|ARM
		Debug|iPhone = Debug|iPhone
		Debug|iPhoneSimulator = Debug|iPhoneSimulator
		Debug|x64 = Debug|x64
		Debug|x86 = Debug|x86
		Release|Any CPU = Release|Any CPU
		Release|ARM = Release|ARM
		Release|iPhone = Release|iPhone
		Release|iPhoneSimulator = Release|iPhoneSimulator
		Release|x64 = Release|x64
		Release|x86 = Release|x86
	EndGlobalSection
	GlobalSection(ProjectConfigurationPlatforms) = postSolution
		{007F7DE3-9FF2-4020-A1F9-F68E2D929520}.Ad-Hoc|Any CPU.ActiveCfg = Release|Any CPU
		{007F7DE3-9FF2-4020-A1F9-F68E2D929520}.Ad-Hoc|Any CPU.Build.0 = Release|Any CPU
		{007F7DE3-9FF2-4020-A1F9-F68E2D929520}.Ad-Hoc|Any CPU.Deploy.0 = Release|Any CPU
		{007F7DE3-9FF2-4020-A1F9-F68E2D929520}.Ad-Hoc|ARM.ActiveCfg = Release|Any CPU
		{007F7DE3-9FF2-4020-A1F9-F68E2D929520}.Ad-Hoc|ARM.Build.0 = Release|Any CPU
		{007F7DE3-9FF2-4020-A1F9-F68E2D929520}.Ad-Hoc|ARM.Deploy.0 = Release|Any CPU
		{007F7DE3-9FF2-4020-A1F9-F68E2D929520}.Ad-Hoc|iPhone.ActiveCfg = Release|Any CPU
		{007F7DE3-9FF2-4020-A1F9-F68E2D929520}.Ad-Hoc|iPhone.Build.0 = Release|Any CPU
		{007F7DE3-9FF2-4020-A1F9-F68E2D929520}.Ad-Hoc|iPhone.Deploy.0 = Release|Any CPU
		{007F7DE3-9FF2-4020-A1F9-F68E2D929520}.Ad-Hoc|iPhoneSimulator.ActiveCfg = Release|Any CPU
		{007F7DE3-9FF2-4020-A1F9-F68E2D929520}.Ad-Hoc|iPhoneSimulator.Build.0 = Release|Any CPU
		{007F7DE3-9FF2-4020-A1F9-F68E2D929520}.Ad-Hoc|iPhoneSimulator.Deploy.0 = Release|Any CPU
		{007F7DE3-9FF2-4020-A1F9-F68E2D929520}.Ad-Hoc|x64.ActiveCfg = Release|Any CPU
		{007F7DE3-9FF2-4020-A1F9-F68E2D929520}.Ad-Hoc|x64.Build.0 = Release|Any CPU
		{007F7DE3-9FF2-4020-A1F9-F68E2D929520}.Ad-Hoc|x64.Deploy.0 = Release|Any CPU
		{007F7DE3-9FF2-4020-A1F9-F68E2D929520}.Ad-Hoc|x86.ActiveCfg = Release|Any CPU
		{007F7DE3-9FF2-4020-A1F9-F68E2D929520}.Ad-Hoc|x86.Build.0 = Release|Any CPU
		{007F7DE3-9FF2-4020-A1F9-F68E2D929520}.Ad-Hoc|x86.Deploy.0 = Release|Any CPU
		{007F7DE3-9FF2-4020-A1F9-F68E2D929520}.AppStore|Any CPU.ActiveCfg = Release|Any CPU
		{007F7DE3-9FF2-4020-A1F9-F68E2D929520}.AppStore|Any CPU.Build.0 = Release|Any CPU
		{007F7DE3-9FF2-4020-A1F9-F68E2D929520}.AppStore|Any CPU.Deploy.0 = Release|Any CPU
		{007F7DE3-9FF2-4020-A1F9-F68E2D929520}.AppStore|ARM.ActiveCfg = Release|Any CPU
		{007F7DE3-9FF2-4020-A1F9-F68E2D929520}.AppStore|ARM.Build.0 = Release|Any CPU
		{007F7DE3-9FF2-4020-A1F9-F68E2D929520}.AppStore|ARM.Deploy.0 = Release|Any CPU
		{007F7DE3-9FF2-4020-A1F9-F68E2D929520}.AppStore|iPhone.ActiveCfg = Release|Any CPU
		{007F7DE3-9FF2-4020-A1F9-F68E2D929520}.AppStore|iPhone.Build.0 = Release|Any CPU
		{007F7DE3-9FF2-4020-A1F9-F68E2D929520}.AppStore|iPhone.Deploy.0 = Release|Any CPU
		{007F7DE3-9FF2-4020-A1F9-F68E2D929520}.AppStore|iPhoneSimulator.ActiveCfg = Release|Any CPU
		{007F7DE3-9FF2-4020-A1F9-F68E2D929520}.AppStore|iPhoneSimulator.Build.0 = Release|Any CPU
		{007F7DE3-9FF2-4020-A1F9-F68E2D929520}.AppStore|iPhoneSimulator.Deploy.0 = Release|Any CPU
		{007F7DE3-9FF2-4020-A1F9-F68E2D929520}.AppStore|x64.ActiveCfg = Release|Any CPU
		{007F7DE3-9FF2-4020-A1F9-F68E2D929520}.AppStore|x64.Build.0 = Release|Any CPU
		{007F7DE3-9FF2-4020-A1F9-F68E2D929520}.AppStore|x64.Deploy.0 = Release|Any CPU
		{007F7DE3-9FF2-4020-A1F9-F68E2D929520}.AppStore|x86.ActiveCfg = Release|Any CPU
		{007F7DE3-9FF2-4020-A1F9-F68E2D929520}.AppStore|x86.Build.0 = Release|Any CPU
		{007F7DE3-9FF2-4020-A1F9-F68E2D929520}.AppStore|x86.Deploy.0 = Release|Any CPU
		{007F7DE3-9FF2-4020-A1F9-F68E2D929520}.Debug|Any CPU.ActiveCfg = Debug|Any CPU
		{007F7DE3-9FF2-4020-A1F9-F68E2D929520}.Debug|Any CPU.Build.0 = Debug|Any CPU
		{007F7DE3-9FF2-4020-A1F9-F68E2D929520}.Debug|Any CPU.Deploy.0 = Debug|Any CPU
		{007F7DE3-9FF2-4020-A1F9-F68E2D929520}.Debug|ARM.ActiveCfg = Debug|Any CPU
		{007F7DE3-9FF2-4020-A1F9-F68E2D929520}.Debug|ARM.Build.0 = Debug|Any CPU
		{007F7DE3-9FF2-4020-A1F9-F68E2D929520}.Debug|ARM.Deploy.0 = Debug|Any CPU
		{007F7DE3-9FF2-4020-A1F9-F68E2D929520}.Debug|iPhone.ActiveCfg = Debug|Any CPU
		{007F7DE3-9FF2-4020-A1F9-F68E2D929520}.Debug|iPhone.Build.0 = Debug|Any CPU
		{007F7DE3-9FF2-4020-A1F9-F68E2D929520}.Debug|iPhone.Deploy.0 = Debug|Any CPU
		{007F7DE3-9FF2-4020-A1F9-F68E2D929520}.Debug|iPhoneSimulator.ActiveCfg = Debug|Any CPU
		{007F7DE3-9FF2-4020-A1F9-F68E2D929520}.Debug|iPhoneSimulator.Build.0 = Debug|Any CPU
		{007F7DE3-9FF2-4020-A1F9-F68E2D929520}.Debug|iPhoneSimulator.Deploy.0 = Debug|Any CPU
		{007F7DE3-9FF2-4020-A1F9-F68E2D929520}.Debug|x64.ActiveCfg = Debug|Any CPU
		{007F7DE3-9FF2-4020-A1F9-F68E2D929520}.Debug|x64.Build.0 = Debug|Any CPU
		{007F7DE3-9FF2-4020-A1F9-F68E2D929520}.Debug|x64.Deploy.0 = Debug|Any CPU
		{007F7DE3-9FF2-4020-A1F9-F68E2D929520}.Debug|x86.ActiveCfg = Debug|Any CPU
		{007F7DE3-9FF2-4020-A1F9-F68E2D929520}.Debug|x86.Build.0 = Debug|Any CPU
		{007F7DE3-9FF2-4020-A1F9-F68E2D929520}.Debug|x86.Deploy.0 = Debug|Any CPU
		{007F7DE3-9FF2-4020-A1F9-F68E2D929520}.Release|Any CPU.ActiveCfg = Release|Any CPU
		{007F7DE3-9FF2-4020-A1F9-F68E2D929520}.Release|Any CPU.Build.0 = Release|Any CPU
		{007F7DE3-9FF2-4020-A1F9-F68E2D929520}.Release|Any CPU.Deploy.0 = Release|Any CPU
		{007F7DE3-9FF2-4020-A1F9-F68E2D929520}.Release|ARM.ActiveCfg = Release|Any CPU
		{007F7DE3-9FF2-4020-A1F9-F68E2D929520}.Release|ARM.Build.0 = Release|Any CPU
		{007F7DE3-9FF2-4020-A1F9-F68E2D929520}.Release|ARM.Deploy.0 = Release|Any CPU
		{007F7DE3-9FF2-4020-A1F9-F68E2D929520}.Release|iPhone.ActiveCfg = Release|Any CPU
		{007F7DE3-9FF2-4020-A1F9-F68E2D929520}.Release|iPhone.Build.0 = Release|Any CPU
		{007F7DE3-9FF2-4020-A1F9-F68E2D929520}.Release|iPhone.Deploy.0 = Release|Any CPU
		{007F7DE3-9FF2-4020-A1F9-F68E2D929520}.Release|iPhoneSimulator.ActiveCfg = Release|Any CPU
		{007F7DE3-9FF2-4020-A1F9-F68E2D929520}.Release|iPhoneSimulator.Build.0 = Release|Any CPU
		{007F7DE3-9FF2-4020-A1F9-F68E2D929520}.Release|iPhoneSimulator.Deploy.0 = Release|Any CPU
		{007F7DE3-9FF2-4020-A1F9-F68E2D929520}.Release|x64.ActiveCfg = Release|Any CPU
		{007F7DE3-9FF2-4020-A1F9-F68E2D929520}.Release|x64.Build.0 = Release|Any CPU
		{007F7DE3-9FF2-4020-A1F9-F68E2D929520}.Release|x64.Deploy.0 = Release|Any CPU
		{007F7DE3-9FF2-4020-A1F9-F68E2D929520}.Release|x86.ActiveCfg = Release|Any CPU
		{007F7DE3-9FF2-4020-A1F9-F68E2D929520}.Release|x86.Build.0 = Release|Any CPU
		{007F7DE3-9FF2-4020-A1F9-F68E2D929520}.Release|x86.Deploy.0 = Release|Any CPU
		{1E6DD877-7AEA-44C5-9E30-573587F5FBD0}.Ad-Hoc|Any CPU.ActiveCfg = Ad-Hoc|iPhone
		{1E6DD877-7AEA-44C5-9E30-573587F5FBD0}.Ad-Hoc|Any CPU.Build.0 = Ad-Hoc|iPhone
		{1E6DD877-7AEA-44C5-9E30-573587F5FBD0}.Ad-Hoc|Any CPU.Deploy.0 = Ad-Hoc|iPhone
		{1E6DD877-7AEA-44C5-9E30-573587F5FBD0}.Ad-Hoc|ARM.ActiveCfg = Ad-Hoc|iPhone
		{1E6DD877-7AEA-44C5-9E30-573587F5FBD0}.Ad-Hoc|ARM.Build.0 = Ad-Hoc|iPhone
		{1E6DD877-7AEA-44C5-9E30-573587F5FBD0}.Ad-Hoc|ARM.Deploy.0 = Ad-Hoc|iPhone
		{1E6DD877-7AEA-44C5-9E30-573587F5FBD0}.Ad-Hoc|iPhone.ActiveCfg = Ad-Hoc|iPhone
		{1E6DD877-7AEA-44C5-9E30-573587F5FBD0}.Ad-Hoc|iPhone.Build.0 = Ad-Hoc|iPhone
		{1E6DD877-7AEA-44C5-9E30-573587F5FBD0}.Ad-Hoc|iPhone.Deploy.0 = Ad-Hoc|iPhone
		{1E6DD877-7AEA-44C5-9E30-573587F5FBD0}.Ad-Hoc|iPhoneSimulator.ActiveCfg = Ad-Hoc|iPhoneSimulator
		{1E6DD877-7AEA-44C5-9E30-573587F5FBD0}.Ad-Hoc|iPhoneSimulator.Build.0 = Ad-Hoc|iPhoneSimulator
		{1E6DD877-7AEA-44C5-9E30-573587F5FBD0}.Ad-Hoc|iPhoneSimulator.Deploy.0 = Ad-Hoc|iPhoneSimulator
		{1E6DD877-7AEA-44C5-9E30-573587F5FBD0}.Ad-Hoc|x64.ActiveCfg = Ad-Hoc|iPhone
		{1E6DD877-7AEA-44C5-9E30-573587F5FBD0}.Ad-Hoc|x64.Build.0 = Ad-Hoc|iPhone
		{1E6DD877-7AEA-44C5-9E30-573587F5FBD0}.Ad-Hoc|x64.Deploy.0 = Ad-Hoc|iPhone
		{1E6DD877-7AEA-44C5-9E30-573587F5FBD0}.Ad-Hoc|x86.ActiveCfg = Ad-Hoc|iPhone
		{1E6DD877-7AEA-44C5-9E30-573587F5FBD0}.Ad-Hoc|x86.Build.0 = Ad-Hoc|iPhone
		{1E6DD877-7AEA-44C5-9E30-573587F5FBD0}.Ad-Hoc|x86.Deploy.0 = Ad-Hoc|iPhone
		{1E6DD877-7AEA-44C5-9E30-573587F5FBD0}.AppStore|Any CPU.ActiveCfg = AppStore|iPhone
		{1E6DD877-7AEA-44C5-9E30-573587F5FBD0}.AppStore|Any CPU.Build.0 = AppStore|iPhone
		{1E6DD877-7AEA-44C5-9E30-573587F5FBD0}.AppStore|Any CPU.Deploy.0 = AppStore|iPhone
		{1E6DD877-7AEA-44C5-9E30-573587F5FBD0}.AppStore|ARM.ActiveCfg = AppStore|iPhone
		{1E6DD877-7AEA-44C5-9E30-573587F5FBD0}.AppStore|ARM.Build.0 = AppStore|iPhone
		{1E6DD877-7AEA-44C5-9E30-573587F5FBD0}.AppStore|ARM.Deploy.0 = AppStore|iPhone
		{1E6DD877-7AEA-44C5-9E30-573587F5FBD0}.AppStore|iPhone.ActiveCfg = AppStore|iPhone
		{1E6DD877-7AEA-44C5-9E30-573587F5FBD0}.AppStore|iPhone.Build.0 = AppStore|iPhone
		{1E6DD877-7AEA-44C5-9E30-573587F5FBD0}.AppStore|iPhone.Deploy.0 = AppStore|iPhone
		{1E6DD877-7AEA-44C5-9E30-573587F5FBD0}.AppStore|iPhoneSimulator.ActiveCfg = AppStore|iPhoneSimulator
		{1E6DD877-7AEA-44C5-9E30-573587F5FBD0}.AppStore|iPhoneSimulator.Build.0 = AppStore|iPhoneSimulator
		{1E6DD877-7AEA-44C5-9E30-573587F5FBD0}.AppStore|iPhoneSimulator.Deploy.0 = AppStore|iPhoneSimulator
		{1E6DD877-7AEA-44C5-9E30-573587F5FBD0}.AppStore|x64.ActiveCfg = AppStore|iPhone
		{1E6DD877-7AEA-44C5-9E30-573587F5FBD0}.AppStore|x64.Build.0 = AppStore|iPhone
		{1E6DD877-7AEA-44C5-9E30-573587F5FBD0}.AppStore|x64.Deploy.0 = AppStore|iPhone
		{1E6DD877-7AEA-44C5-9E30-573587F5FBD0}.AppStore|x86.ActiveCfg = AppStore|iPhone
		{1E6DD877-7AEA-44C5-9E30-573587F5FBD0}.AppStore|x86.Build.0 = AppStore|iPhone
		{1E6DD877-7AEA-44C5-9E30-573587F5FBD0}.AppStore|x86.Deploy.0 = AppStore|iPhone
		{1E6DD877-7AEA-44C5-9E30-573587F5FBD0}.Debug|Any CPU.ActiveCfg = Debug|iPhoneSimulator
		{1E6DD877-7AEA-44C5-9E30-573587F5FBD0}.Debug|Any CPU.Build.0 = Debug|iPhoneSimulator
		{1E6DD877-7AEA-44C5-9E30-573587F5FBD0}.Debug|Any CPU.Deploy.0 = Debug|iPhoneSimulator
		{1E6DD877-7AEA-44C5-9E30-573587F5FBD0}.Debug|ARM.ActiveCfg = Debug|iPhone
		{1E6DD877-7AEA-44C5-9E30-573587F5FBD0}.Debug|ARM.Build.0 = Debug|iPhone
		{1E6DD877-7AEA-44C5-9E30-573587F5FBD0}.Debug|ARM.Deploy.0 = Debug|iPhone
		{1E6DD877-7AEA-44C5-9E30-573587F5FBD0}.Debug|iPhone.ActiveCfg = Debug|iPhone
		{1E6DD877-7AEA-44C5-9E30-573587F5FBD0}.Debug|iPhone.Build.0 = Debug|iPhone
		{1E6DD877-7AEA-44C5-9E30-573587F5FBD0}.Debug|iPhone.Deploy.0 = Debug|iPhone
		{1E6DD877-7AEA-44C5-9E30-573587F5FBD0}.Debug|iPhoneSimulator.ActiveCfg = Debug|iPhoneSimulator
		{1E6DD877-7AEA-44C5-9E30-573587F5FBD0}.Debug|iPhoneSimulator.Build.0 = Debug|iPhoneSimulator
		{1E6DD877-7AEA-44C5-9E30-573587F5FBD0}.Debug|iPhoneSimulator.Deploy.0 = Debug|iPhoneSimulator
		{1E6DD877-7AEA-44C5-9E30-573587F5FBD0}.Debug|x64.ActiveCfg = Debug|iPhone
		{1E6DD877-7AEA-44C5-9E30-573587F5FBD0}.Debug|x64.Build.0 = Debug|iPhone
		{1E6DD877-7AEA-44C5-9E30-573587F5FBD0}.Debug|x64.Deploy.0 = Debug|iPhone
		{1E6DD877-7AEA-44C5-9E30-573587F5FBD0}.Debug|x86.ActiveCfg = Debug|iPhone
		{1E6DD877-7AEA-44C5-9E30-573587F5FBD0}.Debug|x86.Build.0 = Debug|iPhone
		{1E6DD877-7AEA-44C5-9E30-573587F5FBD0}.Debug|x86.Deploy.0 = Debug|iPhone
		{1E6DD877-7AEA-44C5-9E30-573587F5FBD0}.Release|Any CPU.ActiveCfg = Release|iPhone
		{1E6DD877-7AEA-44C5-9E30-573587F5FBD0}.Release|Any CPU.Build.0 = Release|iPhone
		{1E6DD877-7AEA-44C5-9E30-573587F5FBD0}.Release|Any CPU.Deploy.0 = Release|iPhone
		{1E6DD877-7AEA-44C5-9E30-573587F5FBD0}.Release|ARM.ActiveCfg = Release|iPhone
		{1E6DD877-7AEA-44C5-9E30-573587F5FBD0}.Release|ARM.Build.0 = Release|iPhone
		{1E6DD877-7AEA-44C5-9E30-573587F5FBD0}.Release|ARM.Deploy.0 = Release|iPhone
		{1E6DD877-7AEA-44C5-9E30-573587F5FBD0}.Release|iPhone.ActiveCfg = Release|iPhone
		{1E6DD877-7AEA-44C5-9E30-573587F5FBD0}.Release|iPhone.Build.0 = Release|iPhone
		{1E6DD877-7AEA-44C5-9E30-573587F5FBD0}.Release|iPhone.Deploy.0 = Release|iPhone
		{1E6DD877-7AEA-44C5-9E30-573587F5FBD0}.Release|iPhoneSimulator.ActiveCfg = Release|iPhoneSimulator
		{1E6DD877-7AEA-44C5-9E30-573587F5FBD0}.Release|iPhoneSimulator.Build.0 = Release|iPhoneSimulator
		{1E6DD877-7AEA-44C5-9E30-573587F5FBD0}.Release|iPhoneSimulator.Deploy.0 = Release|iPhoneSimulator
		{1E6DD877-7AEA-44C5-9E30-573587F5FBD0}.Release|x64.ActiveCfg = Release|iPhone
		{1E6DD877-7AEA-44C5-9E30-573587F5FBD0}.Release|x64.Build.0 = Release|iPhone
		{1E6DD877-7AEA-44C5-9E30-573587F5FBD0}.Release|x64.Deploy.0 = Release|iPhone
		{1E6DD877-7AEA-44C5-9E30-573587F5FBD0}.Release|x86.ActiveCfg = Release|iPhone
		{1E6DD877-7AEA-44C5-9E30-573587F5FBD0}.Release|x86.Build.0 = Release|iPhone
		{1E6DD877-7AEA-44C5-9E30-573587F5FBD0}.Release|x86.Deploy.0 = Release|iPhone
		{84B6F671-2BF7-4252-A221-6798F71FBA3C}.Ad-Hoc|Any CPU.ActiveCfg = Release|x86
		{84B6F671-2BF7-4252-A221-6798F71FBA3C}.Ad-Hoc|Any CPU.Build.0 = Release|x86
		{84B6F671-2BF7-4252-A221-6798F71FBA3C}.Ad-Hoc|Any CPU.Deploy.0 = Release|x86
		{84B6F671-2BF7-4252-A221-6798F71FBA3C}.Ad-Hoc|ARM.ActiveCfg = Release|ARM
		{84B6F671-2BF7-4252-A221-6798F71FBA3C}.Ad-Hoc|ARM.Build.0 = Release|ARM
		{84B6F671-2BF7-4252-A221-6798F71FBA3C}.Ad-Hoc|ARM.Deploy.0 = Release|ARM
		{84B6F671-2BF7-4252-A221-6798F71FBA3C}.Ad-Hoc|iPhone.ActiveCfg = Release|x86
		{84B6F671-2BF7-4252-A221-6798F71FBA3C}.Ad-Hoc|iPhone.Build.0 = Release|x86
		{84B6F671-2BF7-4252-A221-6798F71FBA3C}.Ad-Hoc|iPhone.Deploy.0 = Release|x86
		{84B6F671-2BF7-4252-A221-6798F71FBA3C}.Ad-Hoc|iPhoneSimulator.ActiveCfg = Release|x86
		{84B6F671-2BF7-4252-A221-6798F71FBA3C}.Ad-Hoc|iPhoneSimulator.Build.0 = Release|x86
		{84B6F671-2BF7-4252-A221-6798F71FBA3C}.Ad-Hoc|iPhoneSimulator.Deploy.0 = Release|x86
		{84B6F671-2BF7-4252-A221-6798F71FBA3C}.Ad-Hoc|x64.ActiveCfg = Release|x64
		{84B6F671-2BF7-4252-A221-6798F71FBA3C}.Ad-Hoc|x64.Build.0 = Release|x64
		{84B6F671-2BF7-4252-A221-6798F71FBA3C}.Ad-Hoc|x64.Deploy.0 = Release|x64
		{84B6F671-2BF7-4252-A221-6798F71FBA3C}.Ad-Hoc|x86.ActiveCfg = Release|x86
		{84B6F671-2BF7-4252-A221-6798F71FBA3C}.Ad-Hoc|x86.Build.0 = Release|x86
		{84B6F671-2BF7-4252-A221-6798F71FBA3C}.Ad-Hoc|x86.Deploy.0 = Release|x86
		{84B6F671-2BF7-4252-A221-6798F71FBA3C}.AppStore|Any CPU.ActiveCfg = Release|x86
		{84B6F671-2BF7-4252-A221-6798F71FBA3C}.AppStore|Any CPU.Build.0 = Release|x86
		{84B6F671-2BF7-4252-A221-6798F71FBA3C}.AppStore|Any CPU.Deploy.0 = Release|x86
		{84B6F671-2BF7-4252-A221-6798F71FBA3C}.AppStore|ARM.ActiveCfg = Release|ARM
		{84B6F671-2BF7-4252-A221-6798F71FBA3C}.AppStore|ARM.Build.0 = Release|ARM
		{84B6F671-2BF7-4252-A221-6798F71FBA3C}.AppStore|ARM.Deploy.0 = Release|ARM
		{84B6F671-2BF7-4252-A221-6798F71FBA3C}.AppStore|iPhone.ActiveCfg = Release|x86
		{84B6F671-2BF7-4252-A221-6798F71FBA3C}.AppStore|iPhone.Build.0 = Release|x86
		{84B6F671-2BF7-4252-A221-6798F71FBA3C}.AppStore|iPhone.Deploy.0 = Release|x86
		{84B6F671-2BF7-4252-A221-6798F71FBA3C}.AppStore|iPhoneSimulator.ActiveCfg = Release|x86
		{84B6F671-2BF7-4252-A221-6798F71FBA3C}.AppStore|iPhoneSimulator.Build.0 = Release|x86
		{84B6F671-2BF7-4252-A221-6798F71FBA3C}.AppStore|iPhoneSimulator.Deploy.0 = Release|x86
		{84B6F671-2BF7-4252-A221-6798F71FBA3C}.AppStore|x64.ActiveCfg = Release|x64
		{84B6F671-2BF7-4252-A221-6798F71FBA3C}.AppStore|x64.Build.0 = Release|x64
		{84B6F671-2BF7-4252-A221-6798F71FBA3C}.AppStore|x64.Deploy.0 = Release|x64
		{84B6F671-2BF7-4252-A221-6798F71FBA3C}.AppStore|x86.ActiveCfg = Release|x86
		{84B6F671-2BF7-4252-A221-6798F71FBA3C}.AppStore|x86.Build.0 = Release|x86
		{84B6F671-2BF7-4252-A221-6798F71FBA3C}.AppStore|x86.Deploy.0 = Release|x86
		{84B6F671-2BF7-4252-A221-6798F71FBA3C}.Debug|Any CPU.ActiveCfg = Debug|x86
		{84B6F671-2BF7-4252-A221-6798F71FBA3C}.Debug|Any CPU.Build.0 = Debug|x86
		{84B6F671-2BF7-4252-A221-6798F71FBA3C}.Debug|Any CPU.Deploy.0 = Debug|x86
		{84B6F671-2BF7-4252-A221-6798F71FBA3C}.Debug|ARM.ActiveCfg = Debug|ARM
		{84B6F671-2BF7-4252-A221-6798F71FBA3C}.Debug|ARM.Build.0 = Debug|ARM
		{84B6F671-2BF7-4252-A221-6798F71FBA3C}.Debug|ARM.Deploy.0 = Debug|ARM
		{84B6F671-2BF7-4252-A221-6798F71FBA3C}.Debug|iPhone.ActiveCfg = Debug|x86
		{84B6F671-2BF7-4252-A221-6798F71FBA3C}.Debug|iPhone.Build.0 = Debug|x86
		{84B6F671-2BF7-4252-A221-6798F71FBA3C}.Debug|iPhone.Deploy.0 = Debug|x86
		{84B6F671-2BF7-4252-A221-6798F71FBA3C}.Debug|iPhoneSimulator.ActiveCfg = Debug|x86
		{84B6F671-2BF7-4252-A221-6798F71FBA3C}.Debug|iPhoneSimulator.Build.0 = Debug|x86
		{84B6F671-2BF7-4252-A221-6798F71FBA3C}.Debug|iPhoneSimulator.Deploy.0 = Debug|x86
		{84B6F671-2BF7-4252-A221-6798F71FBA3C}.Debug|x64.ActiveCfg = Debug|x64
		{84B6F671-2BF7-4252-A221-6798F71FBA3C}.Debug|x64.Build.0 = Debug|x64
		{84B6F671-2BF7-4252-A221-6798F71FBA3C}.Debug|x64.Deploy.0 = Debug|x64
		{84B6F671-2BF7-4252-A221-6798F71FBA3C}.Debug|x86.ActiveCfg = Debug|x86
		{84B6F671-2BF7-4252-A221-6798F71FBA3C}.Debug|x86.Build.0 = Debug|x86
		{84B6F671-2BF7-4252-A221-6798F71FBA3C}.Debug|x86.Deploy.0 = Debug|x86
		{84B6F671-2BF7-4252-A221-6798F71FBA3C}.Release|Any CPU.ActiveCfg = Release|x86
		{84B6F671-2BF7-4252-A221-6798F71FBA3C}.Release|Any CPU.Build.0 = Release|x86
		{84B6F671-2BF7-4252-A221-6798F71FBA3C}.Release|Any CPU.Deploy.0 = Release|x86
		{84B6F671-2BF7-4252-A221-6798F71FBA3C}.Release|ARM.ActiveCfg = Release|ARM
		{84B6F671-2BF7-4252-A221-6798F71FBA3C}.Release|ARM.Build.0 = Release|ARM
		{84B6F671-2BF7-4252-A221-6798F71FBA3C}.Release|ARM.Deploy.0 = Release|ARM
		{84B6F671-2BF7-4252-A221-6798F71FBA3C}.Release|iPhone.ActiveCfg = Release|x86
		{84B6F671-2BF7-4252-A221-6798F71FBA3C}.Release|iPhone.Build.0 = Release|x86
		{84B6F671-2BF7-4252-A221-6798F71FBA3C}.Release|iPhone.Deploy.0 = Release|x86
		{84B6F671-2BF7-4252-A221-6798F71FBA3C}.Release|iPhoneSimulator.ActiveCfg = Release|x86
		{84B6F671-2BF7-4252-A221-6798F71FBA3C}.Release|iPhoneSimulator.Build.0 = Release|x86
		{84B6F671-2BF7-4252-A221-6798F71FBA3C}.Release|iPhoneSimulator.Deploy.0 = Release|x86
		{84B6F671-2BF7-4252-A221-6798F71FBA3C}.Release|x64.ActiveCfg = Release|x64
		{84B6F671-2BF7-4252-A221-6798F71FBA3C}.Release|x64.Build.0 = Release|x64
		{84B6F671-2BF7-4252-A221-6798F71FBA3C}.Release|x64.Deploy.0 = Release|x64
		{84B6F671-2BF7-4252-A221-6798F71FBA3C}.Release|x86.ActiveCfg = Release|x86
		{84B6F671-2BF7-4252-A221-6798F71FBA3C}.Release|x86.Build.0 = Release|x86
		{84B6F671-2BF7-4252-A221-6798F71FBA3C}.Release|x86.Deploy.0 = Release|x86
		{AA0D8E57-78E0-490A-AF39-36D30EB39B6C}.Ad-Hoc|Any CPU.ActiveCfg = Debug|Any CPU
		{AA0D8E57-78E0-490A-AF39-36D30EB39B6C}.Ad-Hoc|Any CPU.Build.0 = Debug|Any CPU
		{AA0D8E57-78E0-490A-AF39-36D30EB39B6C}.Ad-Hoc|Any CPU.Deploy.0 = Debug|Any CPU
		{AA0D8E57-78E0-490A-AF39-36D30EB39B6C}.Ad-Hoc|ARM.ActiveCfg = Debug|Any CPU
		{AA0D8E57-78E0-490A-AF39-36D30EB39B6C}.Ad-Hoc|ARM.Build.0 = Debug|Any CPU
		{AA0D8E57-78E0-490A-AF39-36D30EB39B6C}.Ad-Hoc|ARM.Deploy.0 = Debug|Any CPU
		{AA0D8E57-78E0-490A-AF39-36D30EB39B6C}.Ad-Hoc|iPhone.ActiveCfg = Debug|Any CPU
		{AA0D8E57-78E0-490A-AF39-36D30EB39B6C}.Ad-Hoc|iPhone.Build.0 = Debug|Any CPU
		{AA0D8E57-78E0-490A-AF39-36D30EB39B6C}.Ad-Hoc|iPhone.Deploy.0 = Debug|Any CPU
		{AA0D8E57-78E0-490A-AF39-36D30EB39B6C}.Ad-Hoc|iPhoneSimulator.ActiveCfg = Debug|Any CPU
		{AA0D8E57-78E0-490A-AF39-36D30EB39B6C}.Ad-Hoc|iPhoneSimulator.Build.0 = Debug|Any CPU
		{AA0D8E57-78E0-490A-AF39-36D30EB39B6C}.Ad-Hoc|iPhoneSimulator.Deploy.0 = Debug|Any CPU
		{AA0D8E57-78E0-490A-AF39-36D30EB39B6C}.Ad-Hoc|x64.ActiveCfg = Debug|Any CPU
		{AA0D8E57-78E0-490A-AF39-36D30EB39B6C}.Ad-Hoc|x64.Build.0 = Debug|Any CPU
		{AA0D8E57-78E0-490A-AF39-36D30EB39B6C}.Ad-Hoc|x64.Deploy.0 = Debug|Any CPU
		{AA0D8E57-78E0-490A-AF39-36D30EB39B6C}.Ad-Hoc|x86.ActiveCfg = Debug|Any CPU
		{AA0D8E57-78E0-490A-AF39-36D30EB39B6C}.Ad-Hoc|x86.Build.0 = Debug|Any CPU
		{AA0D8E57-78E0-490A-AF39-36D30EB39B6C}.Ad-Hoc|x86.Deploy.0 = Debug|Any CPU
		{AA0D8E57-78E0-490A-AF39-36D30EB39B6C}.AppStore|Any CPU.ActiveCfg = Debug|Any CPU
		{AA0D8E57-78E0-490A-AF39-36D30EB39B6C}.AppStore|Any CPU.Build.0 = Debug|Any CPU
		{AA0D8E57-78E0-490A-AF39-36D30EB39B6C}.AppStore|Any CPU.Deploy.0 = Debug|Any CPU
		{AA0D8E57-78E0-490A-AF39-36D30EB39B6C}.AppStore|ARM.ActiveCfg = Debug|Any CPU
		{AA0D8E57-78E0-490A-AF39-36D30EB39B6C}.AppStore|ARM.Build.0 = Debug|Any CPU
		{AA0D8E57-78E0-490A-AF39-36D30EB39B6C}.AppStore|ARM.Deploy.0 = Debug|Any CPU
		{AA0D8E57-78E0-490A-AF39-36D30EB39B6C}.AppStore|iPhone.ActiveCfg = Debug|Any CPU
		{AA0D8E57-78E0-490A-AF39-36D30EB39B6C}.AppStore|iPhone.Build.0 = Debug|Any CPU
		{AA0D8E57-78E0-490A-AF39-36D30EB39B6C}.AppStore|iPhone.Deploy.0 = Debug|Any CPU
		{AA0D8E57-78E0-490A-AF39-36D30EB39B6C}.AppStore|iPhoneSimulator.ActiveCfg = Debug|Any CPU
		{AA0D8E57-78E0-490A-AF39-36D30EB39B6C}.AppStore|iPhoneSimulator.Build.0 = Debug|Any CPU
		{AA0D8E57-78E0-490A-AF39-36D30EB39B6C}.AppStore|iPhoneSimulator.Deploy.0 = Debug|Any CPU
		{AA0D8E57-78E0-490A-AF39-36D30EB39B6C}.AppStore|x64.ActiveCfg = Debug|Any CPU
		{AA0D8E57-78E0-490A-AF39-36D30EB39B6C}.AppStore|x64.Build.0 = Debug|Any CPU
		{AA0D8E57-78E0-490A-AF39-36D30EB39B6C}.AppStore|x64.Deploy.0 = Debug|Any CPU
		{AA0D8E57-78E0-490A-AF39-36D30EB39B6C}.AppStore|x86.ActiveCfg = Debug|Any CPU
		{AA0D8E57-78E0-490A-AF39-36D30EB39B6C}.AppStore|x86.Build.0 = Debug|Any CPU
		{AA0D8E57-78E0-490A-AF39-36D30EB39B6C}.AppStore|x86.Deploy.0 = Debug|Any CPU
		{AA0D8E57-78E0-490A-AF39-36D30EB39B6C}.Debug|Any CPU.ActiveCfg = Debug|Any CPU
		{AA0D8E57-78E0-490A-AF39-36D30EB39B6C}.Debug|Any CPU.Build.0 = Debug|Any CPU
		{AA0D8E57-78E0-490A-AF39-36D30EB39B6C}.Debug|Any CPU.Deploy.0 = Debug|Any CPU
		{AA0D8E57-78E0-490A-AF39-36D30EB39B6C}.Debug|ARM.ActiveCfg = Debug|Any CPU
		{AA0D8E57-78E0-490A-AF39-36D30EB39B6C}.Debug|ARM.Build.0 = Debug|Any CPU
		{AA0D8E57-78E0-490A-AF39-36D30EB39B6C}.Debug|ARM.Deploy.0 = Debug|Any CPU
		{AA0D8E57-78E0-490A-AF39-36D30EB39B6C}.Debug|iPhone.ActiveCfg = Debug|Any CPU
		{AA0D8E57-78E0-490A-AF39-36D30EB39B6C}.Debug|iPhone.Build.0 = Debug|Any CPU
		{AA0D8E57-78E0-490A-AF39-36D30EB39B6C}.Debug|iPhone.Deploy.0 = Debug|Any CPU
		{AA0D8E57-78E0-490A-AF39-36D30EB39B6C}.Debug|iPhoneSimulator.ActiveCfg = Debug|Any CPU
		{AA0D8E57-78E0-490A-AF39-36D30EB39B6C}.Debug|iPhoneSimulator.Build.0 = Debug|Any CPU
		{AA0D8E57-78E0-490A-AF39-36D30EB39B6C}.Debug|iPhoneSimulator.Deploy.0 = Debug|Any CPU
		{AA0D8E57-78E0-490A-AF39-36D30EB39B6C}.Debug|x64.ActiveCfg = Debug|Any CPU
		{AA0D8E57-78E0-490A-AF39-36D30EB39B6C}.Debug|x64.Build.0 = Debug|Any CPU
		{AA0D8E57-78E0-490A-AF39-36D30EB39B6C}.Debug|x64.Deploy.0 = Debug|Any CPU
		{AA0D8E57-78E0-490A-AF39-36D30EB39B6C}.Debug|x86.ActiveCfg = Debug|Any CPU
		{AA0D8E57-78E0-490A-AF39-36D30EB39B6C}.Debug|x86.Build.0 = Debug|Any CPU
		{AA0D8E57-78E0-490A-AF39-36D30EB39B6C}.Debug|x86.Deploy.0 = Debug|Any CPU
		{AA0D8E57-78E0-490A-AF39-36D30EB39B6C}.Release|Any CPU.ActiveCfg = Release|Any CPU
		{AA0D8E57-78E0-490A-AF39-36D30EB39B6C}.Release|Any CPU.Build.0 = Release|Any CPU
		{AA0D8E57-78E0-490A-AF39-36D30EB39B6C}.Release|Any CPU.Deploy.0 = Release|Any CPU
		{AA0D8E57-78E0-490A-AF39-36D30EB39B6C}.Release|ARM.ActiveCfg = Release|Any CPU
		{AA0D8E57-78E0-490A-AF39-36D30EB39B6C}.Release|ARM.Build.0 = Release|Any CPU
		{AA0D8E57-78E0-490A-AF39-36D30EB39B6C}.Release|ARM.Deploy.0 = Release|Any CPU
		{AA0D8E57-78E0-490A-AF39-36D30EB39B6C}.Release|iPhone.ActiveCfg = Release|Any CPU
		{AA0D8E57-78E0-490A-AF39-36D30EB39B6C}.Release|iPhone.Build.0 = Release|Any CPU
		{AA0D8E57-78E0-490A-AF39-36D30EB39B6C}.Release|iPhone.Deploy.0 = Release|Any CPU
		{AA0D8E57-78E0-490A-AF39-36D30EB39B6C}.Release|iPhoneSimulator.ActiveCfg = Release|Any CPU
		{AA0D8E57-78E0-490A-AF39-36D30EB39B6C}.Release|iPhoneSimulator.Build.0 = Release|Any CPU
		{AA0D8E57-78E0-490A-AF39-36D30EB39B6C}.Release|iPhoneSimulator.Deploy.0 = Release|Any CPU
		{AA0D8E57-78E0-490A-AF39-36D30EB39B6C}.Release|x64.ActiveCfg = Release|Any CPU
		{AA0D8E57-78E0-490A-AF39-36D30EB39B6C}.Release|x64.Build.0 = Release|Any CPU
		{AA0D8E57-78E0-490A-AF39-36D30EB39B6C}.Release|x64.Deploy.0 = Release|Any CPU
		{AA0D8E57-78E0-490A-AF39-36D30EB39B6C}.Release|x86.ActiveCfg = Release|Any CPU
		{AA0D8E57-78E0-490A-AF39-36D30EB39B6C}.Release|x86.Build.0 = Release|Any CPU
		{AA0D8E57-78E0-490A-AF39-36D30EB39B6C}.Release|x86.Deploy.0 = Release|Any CPU
	EndGlobalSection
	GlobalSection(SolutionProperties) = preSolution
		HideSolutionNode = FALSE
	EndGlobalSection
	GlobalSection(ExtensibilityGlobals) = postSolution
		SolutionGuid = {D00078C6-371B-4805-A3DB-4CD8F37B4CE2}
	EndGlobalSection
EndGlobal
